
Microsoft Visual Studio Solution File, Format Version 12.00
# Visual Studio Version 17
VisualStudioVersion = 17.14.36717.8 d17.14
MinimumVisualStudioVersion = 10.0.40219.1
Project("{FAE04EC0-301F-11D3-BF4B-00C04F79EFBC}") = "AccountingApi", "AccountingApi.csproj", "{7A23CB54-DA32-4E17-A4FE-AD43C8AE4B03}"
EndProject
Global
	GlobalSection(SolutionConfigurationPlatforms) = preSolution
		Debug|Any CPU = Debug|Any CPU
		Release|Any CPU = Release|Any CPU
	EndGlobalSection
	GlobalSection(ProjectConfigurationPlatforms) = postSolution
		{7A23CB54-DA32-4E17-A4FE-AD43C8AE4B03}.Debug|Any CPU.ActiveCfg = Debug|Any CPU
		{7A23CB54-DA32-4E17-A4FE-AD43C8AE4B03}.Debug|Any CPU.Build.0 = Debug|Any CPU
		{7A23CB54-DA32-4E17-A4FE-AD43C8AE4B03}.Release|Any CPU.ActiveCfg = Release|Any CPU
		{7A23CB54-DA32-4E17-A4FE-AD43C8AE4B03}.Release|Any CPU.Build.0 = Release|Any CPU
	EndGlobalSection
	GlobalSection(SolutionProperties) = preSolution
		HideSolutionNode = FALSE
	EndGlobalSection
	GlobalSection(ExtensibilityGlobals) = postSolution
		SolutionGuid = {0A539A60-6E91-4965-B1E8-DFD30746B9EC}
	EndGlobalSection
EndGlobal
